
Microsoft Visual Studio Solution File, Format Version 12.00
# Visual Studio 2013
VisualStudioVersion = 12.0.21005.1
MinimumVisualStudioVersion = 10.0.40219.1
Project("{8BC9CEB8-8B4A-11D0-8D11-00A0C91BC942}") = "GTrace", "GTrace\GTrace.vcxproj", "{9F012CD5-74CC-4B8C-930E-159800C14A94}"
EndProject
Project("{2150E333-8FDC-42A3-9474-1A3956D46DE8}") = ".nuget", ".nuget", "{3A5C55D7-9C7A-4C4E-A4DA-5E0E88D717A1}"
	ProjectSection(SolutionItems) = preProject
		.nuget\NuGet.Config = .nuget\NuGet.Config
		.nuget\NuGet.exe = .nuget\NuGet.exe
		.nuget\NuGet.targets = .nuget\NuGet.targets
	EndProjectSection
EndProject
Global
	GlobalSection(SolutionConfigurationPlatforms) = preSolution
		Debug|Win32 = Debug|Win32
		Release|Win32 = Release|Win32
	EndGlobalSection
	GlobalSection(ProjectConfigurationPlatforms) = postSolution
		{9F012CD5-74CC-4B8C-930E-159800C14A94}.Debug|Win32.ActiveCfg = Debug|Win32
		{9F012CD5-74CC-4B8C-930E-159800C14A94}.Debug|Win32.Build.0 = Debug|Win32
		{9F012CD5-74CC-4B8C-930E-159800C14A94}.Release|Win32.ActiveCfg = Release|Win32
		{9F012CD5-74CC-4B8C-930E-159800C14A94}.Release|Win32.Build.0 = Release|Win32
	EndGlobalSection
	GlobalSection(SolutionProperties) = preSolution
		HideSolutionNode = FALSE
	EndGlobalSection
EndGlobal
